// !$*UTF8*$!
{
	archiveVersion = 1;
	classes = {
	};
	objectVersion = 56;
	objects = {

/* Begin PBXBuildFile section */
		B40E2DFE2BAC458400134866 /* Loadable.swift in Sources */ = {isa = PBXBuildFile; fileRef = B40E2DFD2BAC458400134866 /* Loadable.swift */; };
		B40E2E012BAC4D7900134866 /* EmptyListView.swift in Sources */ = {isa = PBXBuildFile; fileRef = B40E2E002BAC4D7900134866 /* EmptyListView.swift */; };
		B40E2E032BAC5FBA00134866 /* Alert+Error.swift in Sources */ = {isa = PBXBuildFile; fileRef = B40E2E022BAC5FBA00134866 /* Alert+Error.swift */; };
		B40E2E052BACA2FD00134866 /* PostRowViewModel.swift in Sources */ = {isa = PBXBuildFile; fileRef = B40E2E042BACA2FD00134866 /* PostRowViewModel.swift */; };
		B40E2E072BACAFBF00134866 /* MainTabView.swift in Sources */ = {isa = PBXBuildFile; fileRef = B40E2E062BACAFBF00134866 /* MainTabView.swift */; };
		B44662152BADDBD900CE4533 /* PrimaryButtonStyle.swift in Sources */ = {isa = PBXBuildFile; fileRef = B44662142BADDBD900CE4533 /* PrimaryButtonStyle.swift */; };
		B44662172BADE1E400CE4533 /* User.swift in Sources */ = {isa = PBXBuildFile; fileRef = B44662162BADE1E400CE4533 /* User.swift */; };
		B44662192BADE69D00CE4533 /* ViewModelFactory.swift in Sources */ = {isa = PBXBuildFile; fileRef = B44662182BADE69D00CE4533 /* ViewModelFactory.swift */; };
		B479E5E82BABB09300F4567D /* SocialcademyApp.swift in Sources */ = {isa = PBXBuildFile; fileRef = B479E5E72BABB09300F4567D /* SocialcademyApp.swift */; };
		B479E5EA2BABB09300F4567D /* ContentView.swift in Sources */ = {isa = PBXBuildFile; fileRef = B479E5E92BABB09300F4567D /* ContentView.swift */; };
		B479E5EC2BABB09400F4567D /* Assets.xcassets in Resources */ = {isa = PBXBuildFile; fileRef = B479E5EB2BABB09400F4567D /* Assets.xcassets */; };
		B479E5EF2BABB09400F4567D /* Preview Assets.xcassets in Resources */ = {isa = PBXBuildFile; fileRef = B479E5EE2BABB09400F4567D /* Preview Assets.xcassets */; };
		B479E5F72BABB12300F4567D /* FirebaseAnalytics in Frameworks */ = {isa = PBXBuildFile; productRef = B479E5F62BABB12300F4567D /* FirebaseAnalytics */; };
		B479E5F92BABB12300F4567D /* FirebaseAnalyticsSwift in Frameworks */ = {isa = PBXBuildFile; productRef = B479E5F82BABB12300F4567D /* FirebaseAnalyticsSwift */; };
		B479E5FB2BABB12300F4567D /* FirebaseAuth in Frameworks */ = {isa = PBXBuildFile; productRef = B479E5FA2BABB12300F4567D /* FirebaseAuth */; };
		B479E5FD2BABB12300F4567D /* FirebaseFirestore in Frameworks */ = {isa = PBXBuildFile; productRef = B479E5FC2BABB12300F4567D /* FirebaseFirestore */; };
		B479E5FF2BABB12300F4567D /* FirebaseFirestoreSwift in Frameworks */ = {isa = PBXBuildFile; productRef = B479E5FE2BABB12300F4567D /* FirebaseFirestoreSwift */; };
		B479E6012BABB12300F4567D /* FirebaseStorage in Frameworks */ = {isa = PBXBuildFile; productRef = B479E6002BABB12300F4567D /* FirebaseStorage */; };
		B479E6072BABB20600F4567D /* GoogleService-Info.plist in Resources */ = {isa = PBXBuildFile; fileRef = B479E6062BABB20600F4567D /* GoogleService-Info.plist */; };
		B479E60C2BABB28D00F4567D /* Post.swift in Sources */ = {isa = PBXBuildFile; fileRef = B479E60B2BABB28D00F4567D /* Post.swift */; };
		B479E60E2BABB33200F4567D /* PostsList.swift in Sources */ = {isa = PBXBuildFile; fileRef = B479E60D2BABB33200F4567D /* PostsList.swift */; };
		B479E6102BABB3DE00F4567D /* PostRow.swift in Sources */ = {isa = PBXBuildFile; fileRef = B479E60F2BABB3DE00F4567D /* PostRow.swift */; };
		B479E6122BABB99C00F4567D /* NewPostForm.swift in Sources */ = {isa = PBXBuildFile; fileRef = B479E6112BABB99C00F4567D /* NewPostForm.swift */; };
		B479E6152BABBC8100F4567D /* PostsViewModel.swift in Sources */ = {isa = PBXBuildFile; fileRef = B479E6142BABBC8100F4567D /* PostsViewModel.swift */; };
		B479E6182BABBF2900F4567D /* PostsRepository.swift in Sources */ = {isa = PBXBuildFile; fileRef = B479E6172BABBF2900F4567D /* PostsRepository.swift */; };
		B479E61A2BABC1DC00F4567D /* LoggerExtension.swift in Sources */ = {isa = PBXBuildFile; fileRef = B479E6192BABC1DC00F4567D /* LoggerExtension.swift */; };
		B4C5FFE92BAD816400AD3416 /* AuthService.swift in Sources */ = {isa = PBXBuildFile; fileRef = B4C5FFE82BAD816400AD3416 /* AuthService.swift */; };
		B4C5FFEB2BAD843400AD3416 /* AuthViewModel.swift in Sources */ = {isa = PBXBuildFile; fileRef = B4C5FFEA2BAD843400AD3416 /* AuthViewModel.swift */; };
		B4C5FFED2BAD84EF00AD3416 /* AuthView.swift in Sources */ = {isa = PBXBuildFile; fileRef = B4C5FFEC2BAD84EF00AD3416 /* AuthView.swift */; };
		B4C5FFEF2BAD856400AD3416 /* ProfileView.swift in Sources */ = {isa = PBXBuildFile; fileRef = B4C5FFEE2BAD856400AD3416 /* ProfileView.swift */; };
		B4C5FFF12BAD879900AD3416 /* FormViewModel.swift in Sources */ = {isa = PBXBuildFile; fileRef = B4C5FFF02BAD879900AD3416 /* FormViewModel.swift */; };
/* End PBXBuildFile section */

/* Begin PBXFileReference section */
		B40E2DFD2BAC458400134866 /* Loadable.swift */ = {isa = PBXFileReference; lastKnownFileType = sourcecode.swift; path = Loadable.swift; sourceTree = "<group>"; };
		B40E2E002BAC4D7900134866 /* EmptyListView.swift */ = {isa = PBXFileReference; lastKnownFileType = sourcecode.swift; path = EmptyListView.swift; sourceTree = "<group>"; };
		B40E2E022BAC5FBA00134866 /* Alert+Error.swift */ = {isa = PBXFileReference; lastKnownFileType = sourcecode.swift; path = "Alert+Error.swift"; sourceTree = "<group>"; };
		B40E2E042BACA2FD00134866 /* PostRowViewModel.swift */ = {isa = PBXFileReference; lastKnownFileType = sourcecode.swift; path = PostRowViewModel.swift; sourceTree = "<group>"; };
		B40E2E062BACAFBF00134866 /* MainTabView.swift */ = {isa = PBXFileReference; lastKnownFileType = sourcecode.swift; path = MainTabView.swift; sourceTree = "<group>"; };
		B44662142BADDBD900CE4533 /* PrimaryButtonStyle.swift */ = {isa = PBXFileReference; lastKnownFileType = sourcecode.swift; path = PrimaryButtonStyle.swift; sourceTree = "<group>"; };
		B44662162BADE1E400CE4533 /* User.swift */ = {isa = PBXFileReference; lastKnownFileType = sourcecode.swift; path = User.swift; sourceTree = "<group>"; };
		B44662182BADE69D00CE4533 /* ViewModelFactory.swift */ = {isa = PBXFileReference; lastKnownFileType = sourcecode.swift; path = ViewModelFactory.swift; sourceTree = "<group>"; };
		B479E5E42BABB09300F4567D /* Socialcademy.app */ = {isa = PBXFileReference; explicitFileType = wrapper.application; includeInIndex = 0; path = Socialcademy.app; sourceTree = BUILT_PRODUCTS_DIR; };
		B479E5E72BABB09300F4567D /* SocialcademyApp.swift */ = {isa = PBXFileReference; lastKnownFileType = sourcecode.swift; path = SocialcademyApp.swift; sourceTree = "<group>"; };
		B479E5E92BABB09300F4567D /* ContentView.swift */ = {isa = PBXFileReference; lastKnownFileType = sourcecode.swift; path = ContentView.swift; sourceTree = "<group>"; };
		B479E5EB2BABB09400F4567D /* Assets.xcassets */ = {isa = PBXFileReference; lastKnownFileType = folder.assetcatalog; path = Assets.xcassets; sourceTree = "<group>"; };
		B479E5EE2BABB09400F4567D /* Preview Assets.xcassets */ = {isa = PBXFileReference; lastKnownFileType = folder.assetcatalog; path = "Preview Assets.xcassets"; sourceTree = "<group>"; };
		B479E6062BABB20600F4567D /* GoogleService-Info.plist */ = {isa = PBXFileReference; fileEncoding = 4; lastKnownFileType = text.plist.xml; path = "GoogleService-Info.plist"; sourceTree = "<group>"; };
		B479E60B2BABB28D00F4567D /* Post.swift */ = {isa = PBXFileReference; lastKnownFileType = sourcecode.swift; path = Post.swift; sourceTree = "<group>"; };
		B479E60D2BABB33200F4567D /* PostsList.swift */ = {isa = PBXFileReference; lastKnownFileType = sourcecode.swift; path = PostsList.swift; sourceTree = "<group>"; };
		B479E60F2BABB3DE00F4567D /* PostRow.swift */ = {isa = PBXFileReference; lastKnownFileType = sourcecode.swift; path = PostRow.swift; sourceTree = "<group>"; };
		B479E6112BABB99C00F4567D /* NewPostForm.swift */ = {isa = PBXFileReference; lastKnownFileType = sourcecode.swift; path = NewPostForm.swift; sourceTree = "<group>"; };
		B479E6142BABBC8100F4567D /* PostsViewModel.swift */ = {isa = PBXFileReference; lastKnownFileType = sourcecode.swift; path = PostsViewModel.swift; sourceTree = "<group>"; };
		B479E6172BABBF2900F4567D /* PostsRepository.swift */ = {isa = PBXFileReference; lastKnownFileType = sourcecode.swift; path = PostsRepository.swift; sourceTree = "<group>"; };
		B479E6192BABC1DC00F4567D /* LoggerExtension.swift */ = {isa = PBXFileReference; lastKnownFileType = sourcecode.swift; path = LoggerExtension.swift; sourceTree = "<group>"; };
		B4C5FFE82BAD816400AD3416 /* AuthService.swift */ = {isa = PBXFileReference; lastKnownFileType = sourcecode.swift; path = AuthService.swift; sourceTree = "<group>"; };
		B4C5FFEA2BAD843400AD3416 /* AuthViewModel.swift */ = {isa = PBXFileReference; lastKnownFileType = sourcecode.swift; path = AuthViewModel.swift; sourceTree = "<group>"; };
		B4C5FFEC2BAD84EF00AD3416 /* AuthView.swift */ = {isa = PBXFileReference; lastKnownFileType = sourcecode.swift; path = AuthView.swift; sourceTree = "<group>"; };
		B4C5FFEE2BAD856400AD3416 /* ProfileView.swift */ = {isa = PBXFileReference; lastKnownFileType = sourcecode.swift; path = ProfileView.swift; sourceTree = "<group>"; };
		B4C5FFF02BAD879900AD3416 /* FormViewModel.swift */ = {isa = PBXFileReference; lastKnownFileType = sourcecode.swift; path = FormViewModel.swift; sourceTree = "<group>"; };
/* End PBXFileReference section */

/* Begin PBXFrameworksBuildPhase section */
		B479E5E12BABB09300F4567D /* Frameworks */ = {
			isa = PBXFrameworksBuildPhase;
			buildActionMask = 2147483647;
			files = (
				B479E5FF2BABB12300F4567D /* FirebaseFirestoreSwift in Frameworks */,
				B479E5F92BABB12300F4567D /* FirebaseAnalyticsSwift in Frameworks */,
				B479E5FD2BABB12300F4567D /* FirebaseFirestore in Frameworks */,
				B479E5FB2BABB12300F4567D /* FirebaseAuth in Frameworks */,
				B479E5F72BABB12300F4567D /* FirebaseAnalytics in Frameworks */,
				B479E6012BABB12300F4567D /* FirebaseStorage in Frameworks */,
			);
			runOnlyForDeploymentPostprocessing = 0;
		};
/* End PBXFrameworksBuildPhase section */

/* Begin PBXGroup section */
		B40E2DFC2BAC457B00134866 /* Utilities */ = {
			isa = PBXGroup;
			children = (
				B40E2DFD2BAC458400134866 /* Loadable.swift */,
			);
			path = Utilities;
			sourceTree = "<group>";
		};
		B40E2DFF2BAC4D5900134866 /* SupportingViews */ = {
			isa = PBXGroup;
			children = (
				B40E2E002BAC4D7900134866 /* EmptyListView.swift */,
				B40E2E022BAC5FBA00134866 /* Alert+Error.swift */,
				B44662142BADDBD900CE4533 /* PrimaryButtonStyle.swift */,
			);
			path = SupportingViews;
			sourceTree = "<group>";
		};
		B479E5DB2BABB09300F4567D = {
			isa = PBXGroup;
			children = (
				B479E5E62BABB09300F4567D /* Socialcademy */,
				B479E5E52BABB09300F4567D /* Products */,
			);
			sourceTree = "<group>";
		};
		B479E5E52BABB09300F4567D /* Products */ = {
			isa = PBXGroup;
			children = (
				B479E5E42BABB09300F4567D /* Socialcademy.app */,
			);
			name = Products;
			sourceTree = "<group>";
		};
		B479E5E62BABB09300F4567D /* Socialcademy */ = {
			isa = PBXGroup;
			children = (
				B4C5FFE72BAD815600AD3416 /* Services */,
				B479E6092BABB22700F4567D /* Resources */,
				B40E2DFF2BAC4D5900134866 /* SupportingViews */,
				B40E2DFC2BAC457B00134866 /* Utilities */,
				B479E6162BABBEF700F4567D /* Repositories */,
				B479E60A2BABB28400F4567D /* Models */,
				B479E6082BABB21800F4567D /* Views */,
				B479E6132BABBC5A00F4567D /* ViewModels */,
				B479E5E72BABB09300F4567D /* SocialcademyApp.swift */,
			);
			path = Socialcademy;
			sourceTree = "<group>";
		};
		B479E5ED2BABB09400F4567D /* Preview Content */ = {
			isa = PBXGroup;
			children = (
				B479E5EE2BABB09400F4567D /* Preview Assets.xcassets */,
			);
			path = "Preview Content";
			sourceTree = "<group>";
		};
		B479E6082BABB21800F4567D /* Views */ = {
			isa = PBXGroup;
			children = (
				B479E5E92BABB09300F4567D /* ContentView.swift */,
				B479E60D2BABB33200F4567D /* PostsList.swift */,
				B479E60F2BABB3DE00F4567D /* PostRow.swift */,
				B479E6112BABB99C00F4567D /* NewPostForm.swift */,
				B40E2E062BACAFBF00134866 /* MainTabView.swift */,
				B4C5FFEC2BAD84EF00AD3416 /* AuthView.swift */,
				B4C5FFEE2BAD856400AD3416 /* ProfileView.swift */,
			);
			path = Views;
			sourceTree = "<group>";
		};
		B479E6092BABB22700F4567D /* Resources */ = {
			isa = PBXGroup;
			children = (
				B479E5EB2BABB09400F4567D /* Assets.xcassets */,
				B479E6062BABB20600F4567D /* GoogleService-Info.plist */,
				B479E5ED2BABB09400F4567D /* Preview Content */,
			);
			path = Resources;
			sourceTree = "<group>";
		};
		B479E60A2BABB28400F4567D /* Models */ = {
			isa = PBXGroup;
			children = (
				B479E60B2BABB28D00F4567D /* Post.swift */,
				B44662162BADE1E400CE4533 /* User.swift */,
			);
			path = Models;
			sourceTree = "<group>";
		};
		B479E6132BABBC5A00F4567D /* ViewModels */ = {
			isa = PBXGroup;
			children = (
				B479E6142BABBC8100F4567D /* PostsViewModel.swift */,
				B40E2E042BACA2FD00134866 /* PostRowViewModel.swift */,
				B4C5FFEA2BAD843400AD3416 /* AuthViewModel.swift */,
				B4C5FFF02BAD879900AD3416 /* FormViewModel.swift */,
				B44662182BADE69D00CE4533 /* ViewModelFactory.swift */,
			);
			path = ViewModels;
			sourceTree = "<group>";
		};
		B479E6162BABBEF700F4567D /* Repositories */ = {
			isa = PBXGroup;
			children = (
				B479E6172BABBF2900F4567D /* PostsRepository.swift */,
				B479E6192BABC1DC00F4567D /* LoggerExtension.swift */,
			);
			path = Repositories;
			sourceTree = "<group>";
		};
		B4C5FFE72BAD815600AD3416 /* Services */ = {
			isa = PBXGroup;
			children = (
				B4C5FFE82BAD816400AD3416 /* AuthService.swift */,
			);
			path = Services;
			sourceTree = "<group>";
		};
/* End PBXGroup section */

/* Begin PBXNativeTarget section */
		B479E5E32BABB09300F4567D /* Socialcademy */ = {
			isa = PBXNativeTarget;
			buildConfigurationList = B479E5F22BABB09400F4567D /* Build configuration list for PBXNativeTarget "Socialcademy" */;
			buildPhases = (
				B479E5E02BABB09300F4567D /* Sources */,
				B479E5E12BABB09300F4567D /* Frameworks */,
				B479E5E22BABB09300F4567D /* Resources */,
			);
			buildRules = (
			);
			dependencies = (
			);
			name = Socialcademy;
			packageProductDependencies = (
				B479E5F62BABB12300F4567D /* FirebaseAnalytics */,
				B479E5F82BABB12300F4567D /* FirebaseAnalyticsSwift */,
				B479E5FA2BABB12300F4567D /* FirebaseAuth */,
				B479E5FC2BABB12300F4567D /* FirebaseFirestore */,
				B479E5FE2BABB12300F4567D /* FirebaseFirestoreSwift */,
				B479E6002BABB12300F4567D /* FirebaseStorage */,
			);
			productName = Socialcademy;
			productReference = B479E5E42BABB09300F4567D /* Socialcademy.app */;
			productType = "com.apple.product-type.application";
		};
/* End PBXNativeTarget section */

/* Begin PBXProject section */
		B479E5DC2BABB09300F4567D /* Project object */ = {
			isa = PBXProject;
			attributes = {
				BuildIndependentTargetsInParallel = 1;
				LastSwiftUpdateCheck = 1520;
				LastUpgradeCheck = 1520;
				TargetAttributes = {
					B479E5E32BABB09300F4567D = {
						CreatedOnToolsVersion = 15.2;
					};
				};
			};
			buildConfigurationList = B479E5DF2BABB09300F4567D /* Build configuration list for PBXProject "Socialcademy" */;
			compatibilityVersion = "Xcode 14.0";
			developmentRegion = en;
			hasScannedForEncodings = 0;
			knownRegions = (
				en,
				Base,
			);
			mainGroup = B479E5DB2BABB09300F4567D;
			packageReferences = (
				B479E5F52BABB12200F4567D /* XCRemoteSwiftPackageReference "firebase-ios-sdk" */,
			);
			productRefGroup = B479E5E52BABB09300F4567D /* Products */;
			projectDirPath = "";
			projectRoot = "";
			targets = (
				B479E5E32BABB09300F4567D /* Socialcademy */,
			);
		};
/* End PBXProject section */

/* Begin PBXResourcesBuildPhase section */
		B479E5E22BABB09300F4567D /* Resources */ = {
			isa = PBXResourcesBuildPhase;
			buildActionMask = 2147483647;
			files = (
				B479E5EF2BABB09400F4567D /* Preview Assets.xcassets in Resources */,
				B479E5EC2BABB09400F4567D /* Assets.xcassets in Resources */,
				B479E6072BABB20600F4567D /* GoogleService-Info.plist in Resources */,
			);
			runOnlyForDeploymentPostprocessing = 0;
		};
/* End PBXResourcesBuildPhase section */

/* Begin PBXSourcesBuildPhase section */
		B479E5E02BABB09300F4567D /* Sources */ = {
			isa = PBXSourcesBuildPhase;
			buildActionMask = 2147483647;
			files = (
				B479E60C2BABB28D00F4567D /* Post.swift in Sources */,
				B40E2E032BAC5FBA00134866 /* Alert+Error.swift in Sources */,
				B479E61A2BABC1DC00F4567D /* LoggerExtension.swift in Sources */,
				B479E6182BABBF2900F4567D /* PostsRepository.swift in Sources */,
				B479E5EA2BABB09300F4567D /* ContentView.swift in Sources */,
				B479E6102BABB3DE00F4567D /* PostRow.swift in Sources */,
				B4C5FFF12BAD879900AD3416 /* FormViewModel.swift in Sources */,
				B44662192BADE69D00CE4533 /* ViewModelFactory.swift in Sources */,
				B40E2E012BAC4D7900134866 /* EmptyListView.swift in Sources */,
				B479E5E82BABB09300F4567D /* SocialcademyApp.swift in Sources */,
				B479E6122BABB99C00F4567D /* NewPostForm.swift in Sources */,
				B40E2E052BACA2FD00134866 /* PostRowViewModel.swift in Sources */,
				B4C5FFEF2BAD856400AD3416 /* ProfileView.swift in Sources */,
				B44662152BADDBD900CE4533 /* PrimaryButtonStyle.swift in Sources */,
				B479E60E2BABB33200F4567D /* PostsList.swift in Sources */,
				B40E2E072BACAFBF00134866 /* MainTabView.swift in Sources */,
				B4C5FFEB2BAD843400AD3416 /* AuthViewModel.swift in Sources */,
				B4C5FFE92BAD816400AD3416 /* AuthService.swift in Sources */,
				B4C5FFED2BAD84EF00AD3416 /* AuthView.swift in Sources */,
				B479E6152BABBC8100F4567D /* PostsViewModel.swift in Sources */,
				B40E2DFE2BAC458400134866 /* Loadable.swift in Sources */,
				B44662172BADE1E400CE4533 /* User.swift in Sources */,
			);
			runOnlyForDeploymentPostprocessing = 0;
		};
/* End PBXSourcesBuildPhase section */

/* Begin XCBuildConfiguration section */
		B479E5F02BABB09400F4567D /* Debug */ = {
			isa = XCBuildConfiguration;
			buildSettings = {
				ALWAYS_SEARCH_USER_PATHS = NO;
				ASSETCATALOG_COMPILER_GENERATE_SWIFT_ASSET_SYMBOL_EXTENSIONS = YES;
				CLANG_ANALYZER_NONNULL = YES;
				CLANG_ANALYZER_NUMBER_OBJECT_CONVERSION = YES_AGGRESSIVE;
				CLANG_CXX_LANGUAGE_STANDARD = "gnu++20";
				CLANG_ENABLE_MODULES = YES;
				CLANG_ENABLE_OBJC_ARC = YES;
				CLANG_ENABLE_OBJC_WEAK = YES;
				CLANG_WARN_BLOCK_CAPTURE_AUTORELEASING = YES;
				CLANG_WARN_BOOL_CONVERSION = YES;
				CLANG_WARN_COMMA = YES;
				CLANG_WARN_CONSTANT_CONVERSION = YES;
				CLANG_WARN_DEPRECATED_OBJC_IMPLEMENTATIONS = YES;
				CLANG_WARN_DIRECT_OBJC_ISA_USAGE = YES_ERROR;
				CLANG_WARN_DOCUMENTATION_COMMENTS = YES;
				CLANG_WARN_EMPTY_BODY = YES;
				CLANG_WARN_ENUM_CONVERSION = YES;
				CLANG_WARN_INFINITE_RECURSION = YES;
				CLANG_WARN_INT_CONVERSION = YES;
				CLANG_WARN_NON_LITERAL_NULL_CONVERSION = YES;
				CLANG_WARN_OBJC_IMPLICIT_RETAIN_SELF = YES;
				CLANG_WARN_OBJC_LITERAL_CONVERSION = YES;
				CLANG_WARN_OBJC_ROOT_CLASS = YES_ERROR;
				CLANG_WARN_QUOTED_INCLUDE_IN_FRAMEWORK_HEADER = YES;
				CLANG_WARN_RANGE_LOOP_ANALYSIS = YES;
				CLANG_WARN_STRICT_PROTOTYPES = YES;
				CLANG_WARN_SUSPICIOUS_MOVE = YES;
				CLANG_WARN_UNGUARDED_AVAILABILITY = YES_AGGRESSIVE;
				CLANG_WARN_UNREACHABLE_CODE = YES;
				CLANG_WARN__DUPLICATE_METHOD_MATCH = YES;
				COPY_PHASE_STRIP = NO;
				DEBUG_INFORMATION_FORMAT = dwarf;
				ENABLE_STRICT_OBJC_MSGSEND = YES;
				ENABLE_TESTABILITY = YES;
				ENABLE_USER_SCRIPT_SANDBOXING = YES;
				GCC_C_LANGUAGE_STANDARD = gnu17;
				GCC_DYNAMIC_NO_PIC = NO;
				GCC_NO_COMMON_BLOCKS = YES;
				GCC_OPTIMIZATION_LEVEL = 0;
				GCC_PREPROCESSOR_DEFINITIONS = (
					"DEBUG=1",
					"$(inherited)",
				);
				GCC_WARN_64_TO_32_BIT_CONVERSION = YES;
				GCC_WARN_ABOUT_RETURN_TYPE = YES_ERROR;
				GCC_WARN_UNDECLARED_SELECTOR = YES;
				GCC_WARN_UNINITIALIZED_AUTOS = YES_AGGRESSIVE;
				GCC_WARN_UNUSED_FUNCTION = YES;
				GCC_WARN_UNUSED_VARIABLE = YES;
				IPHONEOS_DEPLOYMENT_TARGET = 17.2;
				LOCALIZATION_PREFERS_STRING_CATALOGS = YES;
				MTL_ENABLE_DEBUG_INFO = INCLUDE_SOURCE;
				MTL_FAST_MATH = YES;
				ONLY_ACTIVE_ARCH = YES;
				SDKROOT = iphoneos;
				SWIFT_ACTIVE_COMPILATION_CONDITIONS = "DEBUG $(inherited)";
				SWIFT_OPTIMIZATION_LEVEL = "-Onone";
			};
			name = Debug;
		};
		B479E5F12BABB09400F4567D /* Release */ = {
			isa = XCBuildConfiguration;
			buildSettings = {
				ALWAYS_SEARCH_USER_PATHS = NO;
				ASSETCATALOG_COMPILER_GENERATE_SWIFT_ASSET_SYMBOL_EXTENSIONS = YES;
				CLANG_ANALYZER_NONNULL = YES;
				CLANG_ANALYZER_NUMBER_OBJECT_CONVERSION = YES_AGGRESSIVE;
				CLANG_CXX_LANGUAGE_STANDARD = "gnu++20";
				CLANG_ENABLE_MODULES = YES;
				CLANG_ENABLE_OBJC_ARC = YES;
				CLANG_ENABLE_OBJC_WEAK = YES;
				CLANG_WARN_BLOCK_CAPTURE_AUTORELEASING = YES;
				CLANG_WARN_BOOL_CONVERSION = YES;
				CLANG_WARN_COMMA = YES;
				CLANG_WARN_CONSTANT_CONVERSION = YES;
				CLANG_WARN_DEPRECATED_OBJC_IMPLEMENTATIONS = YES;
				CLANG_WARN_DIRECT_OBJC_ISA_USAGE = YES_ERROR;
				CLANG_WARN_DOCUMENTATION_COMMENTS = YES;
				CLANG_WARN_EMPTY_BODY = YES;
				CLANG_WARN_ENUM_CONVERSION = YES;
				CLANG_WARN_INFINITE_RECURSION = YES;
				CLANG_WARN_INT_CONVERSION = YES;
				CLANG_WARN_NON_LITERAL_NULL_CONVERSION = YES;
				CLANG_WARN_OBJC_IMPLICIT_RETAIN_SELF = YES;
				CLANG_WARN_OBJC_LITERAL_CONVERSION = YES;
				CLANG_WARN_OBJC_ROOT_CLASS = YES_ERROR;
				CLANG_WARN_QUOTED_INCLUDE_IN_FRAMEWORK_HEADER = YES;
				CLANG_WARN_RANGE_LOOP_ANALYSIS = YES;
				CLANG_WARN_STRICT_PROTOTYPES = YES;
				CLANG_WARN_SUSPICIOUS_MOVE = YES;
				CLANG_WARN_UNGUARDED_AVAILABILITY = YES_AGGRESSIVE;
				CLANG_WARN_UNREACHABLE_CODE = YES;
				CLANG_WARN__DUPLICATE_METHOD_MATCH = YES;
				COPY_PHASE_STRIP = NO;
				DEBUG_INFORMATION_FORMAT = "dwarf-with-dsym";
				ENABLE_NS_ASSERTIONS = NO;
				ENABLE_STRICT_OBJC_MSGSEND = YES;
				ENABLE_USER_SCRIPT_SANDBOXING = YES;
				GCC_C_LANGUAGE_STANDARD = gnu17;
				GCC_NO_COMMON_BLOCKS = YES;
				GCC_WARN_64_TO_32_BIT_CONVERSION = YES;
				GCC_WARN_ABOUT_RETURN_TYPE = YES_ERROR;
				GCC_WARN_UNDECLARED_SELECTOR = YES;
				GCC_WARN_UNINITIALIZED_AUTOS = YES_AGGRESSIVE;
				GCC_WARN_UNUSED_FUNCTION = YES;
				GCC_WARN_UNUSED_VARIABLE = YES;
				IPHONEOS_DEPLOYMENT_TARGET = 17.2;
				LOCALIZATION_PREFERS_STRING_CATALOGS = YES;
				MTL_ENABLE_DEBUG_INFO = NO;
				MTL_FAST_MATH = YES;
				SDKROOT = iphoneos;
				SWIFT_COMPILATION_MODE = wholemodule;
				VALIDATE_PRODUCT = YES;
			};
			name = Release;
		};
		B479E5F32BABB09400F4567D /* Debug */ = {
			isa = XCBuildConfiguration;
			buildSettings = {
				ASSETCATALOG_COMPILER_APPICON_NAME = AppIcon;
				ASSETCATALOG_COMPILER_GLOBAL_ACCENT_COLOR_NAME = AccentColor;
				CODE_SIGN_STYLE = Automatic;
				CURRENT_PROJECT_VERSION = 1;
				DEVELOPMENT_ASSET_PATHS = "Socialcademy/Resources/Preview\\ Content";
				DEVELOPMENT_TEAM = 5VZ6Q8DGLP;
				ENABLE_PREVIEWS = YES;
				GENERATE_INFOPLIST_FILE = YES;
				INFOPLIST_KEY_UIApplicationSceneManifest_Generation = YES;
				INFOPLIST_KEY_UIApplicationSupportsIndirectInputEvents = YES;
				INFOPLIST_KEY_UILaunchScreen_Generation = YES;
				INFOPLIST_KEY_UISupportedInterfaceOrientations_iPad = "UIInterfaceOrientationPortrait UIInterfaceOrientationPortraitUpsideDown UIInterfaceOrientationLandscapeLeft UIInterfaceOrientationLandscapeRight";
				INFOPLIST_KEY_UISupportedInterfaceOrientations_iPhone = "UIInterfaceOrientationPortrait UIInterfaceOrientationLandscapeLeft UIInterfaceOrientationLandscapeRight";
				LD_RUNPATH_SEARCH_PATHS = (
					"$(inherited)",
					"@executable_path/Frameworks",
				);
				MARKETING_VERSION = 1.0;
				PRODUCT_BUNDLE_IDENTIFIER = com.anceldev.Socialcademy;
				PRODUCT_NAME = "$(TARGET_NAME)";
				SWIFT_EMIT_LOC_STRINGS = YES;
				SWIFT_VERSION = 5.0;
				TARGETED_DEVICE_FAMILY = "1,2";
			};
			name = Debug;
		};
		B479E5F42BABB09400F4567D /* Release */ = {
			isa = XCBuildConfiguration;
			buildSettings = {
				ASSETCATALOG_COMPILER_APPICON_NAME = AppIcon;
				ASSETCATALOG_COMPILER_GLOBAL_ACCENT_COLOR_NAME = AccentColor;
				CODE_SIGN_STYLE = Automatic;
				CURRENT_PROJECT_VERSION = 1;
				DEVELOPMENT_ASSET_PATHS = "Socialcademy/Resources/Preview\\ Content";
				DEVELOPMENT_TEAM = 5VZ6Q8DGLP;
				ENABLE_PREVIEWS = YES;
				GENERATE_INFOPLIST_FILE = YES;
				INFOPLIST_KEY_UIApplicationSceneManifest_Generation = YES;
				INFOPLIST_KEY_UIApplicationSupportsIndirectInputEvents = YES;
				INFOPLIST_KEY_UILaunchScreen_Generation = YES;
				INFOPLIST_KEY_UISupportedInterfaceOrientations_iPad = "UIInterfaceOrientationPortrait UIInterfaceOrientationPortraitUpsideDown UIInterfaceOrientationLandscapeLeft UIInterfaceOrientationLandscapeRight";
				INFOPLIST_KEY_UISupportedInterfaceOrientations_iPhone = "UIInterfaceOrientationPortrait UIInterfaceOrientationLandscapeLeft UIInterfaceOrientationLandscapeRight";
				LD_RUNPATH_SEARCH_PATHS = (
					"$(inherited)",
					"@executable_path/Frameworks",
				);
				MARKETING_VERSION = 1.0;
				PRODUCT_BUNDLE_IDENTIFIER = com.anceldev.Socialcademy;
				PRODUCT_NAME = "$(TARGET_NAME)";
				SWIFT_EMIT_LOC_STRINGS = YES;
				SWIFT_VERSION = 5.0;
				TARGETED_DEVICE_FAMILY = "1,2";
			};
			name = Release;
		};
/* End XCBuildConfiguration section */

/* Begin XCConfigurationList section */
		B479E5DF2BABB09300F4567D /* Build configuration list for PBXProject "Socialcademy" */ = {
			isa = XCConfigurationList;
			buildConfigurations = (
				B479E5F02BABB09400F4567D /* Debug */,
				B479E5F12BABB09400F4567D /* Release */,
			);
			defaultConfigurationIsVisible = 0;
			defaultConfigurationName = Release;
		};
		B479E5F22BABB09400F4567D /* Build configuration list for PBXNativeTarget "Socialcademy" */ = {
			isa = XCConfigurationList;
			buildConfigurations = (
				B479E5F32BABB09400F4567D /* Debug */,
				B479E5F42BABB09400F4567D /* Release */,
			);
			defaultConfigurationIsVisible = 0;
			defaultConfigurationName = Release;
		};
/* End XCConfigurationList section */

/* Begin XCRemoteSwiftPackageReference section */
		B479E5F52BABB12200F4567D /* XCRemoteSwiftPackageReference "firebase-ios-sdk" */ = {
			isa = XCRemoteSwiftPackageReference;
			repositoryURL = "https://github.com/firebase/firebase-ios-sdk";
			requirement = {
				kind = upToNextMajorVersion;
				minimumVersion = 10.23.0;
			};
		};
/* End XCRemoteSwiftPackageReference section */

/* Begin XCSwiftPackageProductDependency section */
		B479E5F62BABB12300F4567D /* FirebaseAnalytics */ = {
			isa = XCSwiftPackageProductDependency;
			package = B479E5F52BABB12200F4567D /* XCRemoteSwiftPackageReference "firebase-ios-sdk" */;
			productName = FirebaseAnalytics;
		};
		B479E5F82BABB12300F4567D /* FirebaseAnalyticsSwift */ = {
			isa = XCSwiftPackageProductDependency;
			package = B479E5F52BABB12200F4567D /* XCRemoteSwiftPackageReference "firebase-ios-sdk" */;
			productName = FirebaseAnalyticsSwift;
		};
		B479E5FA2BABB12300F4567D /* FirebaseAuth */ = {
			isa = XCSwiftPackageProductDependency;
			package = B479E5F52BABB12200F4567D /* XCRemoteSwiftPackageReference "firebase-ios-sdk" */;
			productName = FirebaseAuth;
		};
		B479E5FC2BABB12300F4567D /* FirebaseFirestore */ = {
			isa = XCSwiftPackageProductDependency;
			package = B479E5F52BABB12200F4567D /* XCRemoteSwiftPackageReference "firebase-ios-sdk" */;
			productName = FirebaseFirestore;
		};
		B479E5FE2BABB12300F4567D /* FirebaseFirestoreSwift */ = {
			isa = XCSwiftPackageProductDependency;
			package = B479E5F52BABB12200F4567D /* XCRemoteSwiftPackageReference "firebase-ios-sdk" */;
			productName = FirebaseFirestoreSwift;
		};
		B479E6002BABB12300F4567D /* FirebaseStorage */ = {
			isa = XCSwiftPackageProductDependency;
			package = B479E5F52BABB12200F4567D /* XCRemoteSwiftPackageReference "firebase-ios-sdk" */;
			productName = FirebaseStorage;
		};
/* End XCSwiftPackageProductDependency section */
	};
	rootObject = B479E5DC2BABB09300F4567D /* Project object */;
}
